{
  "name": "seq",
  "version": "0.1.1",
  "lockfileVersion": 3,
  "requires": true,
  "packages": {
    "": {
      "name": "seq",
      "version": "0.1.1",
      "license": "MIT",
      "dependencies": {
        "yep": "github:acmepy/yep"
      },
      "engines": {
        "node": ">=22.0.0"
      }
    },
    "node_modules/yep": {
      "version": "1.0.7",
      "resolved": "git+ssh://git@github.com/acmepy/yep.git#0154f9efa89cd26ca36722972c9c694f3226c12b",
      "license": "MIT"
    }
  }
}
